
Microsoft Visual Studio Solution File, Format Version 12.00
# Visual Studio Version 17
VisualStudioVersion = 17.2.32630.192
MinimumVisualStudioVersion = 10.0.40219.1
Project("{9A19103F-16F7-4668-BE54-9A1E7A4F7556}") = "MovieRestApiWithEF", "MovieRestApiWithEF\MovieRestApiWithEF.csproj", "{3858A4A4-AB96-45AA-92C3-16C6D6133E0F}"
EndProject
Project("{9A19103F-16F7-4668-BE54-9A1E7A4F7556}") = "Contracts", "Contracts\Contracts.csproj", "{5C2DC9B3-C6A6-4EA3-A26E-080319AF0476}"
EndProject
Project("{9A19103F-16F7-4668-BE54-9A1E7A4F7556}") = "LoggerService", "LoggerService\LoggerService.csproj", "{3BCEC1C4-D922-4BFA-9FA0-A1E8ADE6B16A}"
EndProject
Project("{FAE04EC0-301F-11D3-BF4B-00C04F79EFBC}") = "Entities", "Entities\Entities.csproj", "{B243D785-ABEB-4990-A6D0-E4A704643EF1}"
EndProject
Project("{FAE04EC0-301F-11D3-BF4B-00C04F79EFBC}") = "Repositories", "Repositories\Repositories.csproj", "{1CD4291B-48F0-418C-AEA1-B9D834D22696}"
EndProject
Project("{FAE04EC0-301F-11D3-BF4B-00C04F79EFBC}") = "MovieRestApiWithEF.Tests", "MovieRestApiWithEF.Tests\MovieRestApiWithEF.Tests.csproj", "{D9F3115E-9256-4979-9F4C-C1FE440B9E3D}"
EndProject
Global
	GlobalSection(SolutionConfigurationPlatforms) = preSolution
		Debug|Any CPU = Debug|Any CPU
		Release|Any CPU = Release|Any CPU
	EndGlobalSection
	GlobalSection(ProjectConfigurationPlatforms) = postSolution
		{3858A4A4-AB96-45AA-92C3-16C6D6133E0F}.Debug|Any CPU.ActiveCfg = Debug|Any CPU
		{3858A4A4-AB96-45AA-92C3-16C6D6133E0F}.Debug|Any CPU.Build.0 = Debug|Any CPU
		{3858A4A4-AB96-45AA-92C3-16C6D6133E0F}.Release|Any CPU.ActiveCfg = Release|Any CPU
		{3858A4A4-AB96-45AA-92C3-16C6D6133E0F}.Release|Any CPU.Build.0 = Release|Any CPU
		{5C2DC9B3-C6A6-4EA3-A26E-080319AF0476}.Debug|Any CPU.ActiveCfg = Debug|Any CPU
		{5C2DC9B3-C6A6-4EA3-A26E-080319AF0476}.Debug|Any CPU.Build.0 = Debug|Any CPU
		{5C2DC9B3-C6A6-4EA3-A26E-080319AF0476}.Release|Any CPU.ActiveCfg = Release|Any CPU
		{5C2DC9B3-C6A6-4EA3-A26E-080319AF0476}.Release|Any CPU.Build.0 = Release|Any CPU
		{3BCEC1C4-D922-4BFA-9FA0-A1E8ADE6B16A}.Debug|Any CPU.ActiveCfg = Debug|Any CPU
		{3BCEC1C4-D922-4BFA-9FA0-A1E8ADE6B16A}.Debug|Any CPU.Build.0 = Debug|Any CPU
		{3BCEC1C4-D922-4BFA-9FA0-A1E8ADE6B16A}.Release|Any CPU.ActiveCfg = Release|Any CPU
		{3BCEC1C4-D922-4BFA-9FA0-A1E8ADE6B16A}.Release|Any CPU.Build.0 = Release|Any CPU
		{B243D785-ABEB-4990-A6D0-E4A704643EF1}.Debug|Any CPU.ActiveCfg = Debug|Any CPU
		{B243D785-ABEB-4990-A6D0-E4A704643EF1}.Debug|Any CPU.Build.0 = Debug|Any CPU
		{B243D785-ABEB-4990-A6D0-E4A704643EF1}.Release|Any CPU.ActiveCfg = Release|Any CPU
		{B243D785-ABEB-4990-A6D0-E4A704643EF1}.Release|Any CPU.Build.0 = Release|Any CPU
		{1CD4291B-48F0-418C-AEA1-B9D834D22696}.Debug|Any CPU.ActiveCfg = Debug|Any CPU
		{1CD4291B-48F0-418C-AEA1-B9D834D22696}.Debug|Any CPU.Build.0 = Debug|Any CPU
		{1CD4291B-48F0-418C-AEA1-B9D834D22696}.Release|Any CPU.ActiveCfg = Release|Any CPU
		{1CD4291B-48F0-418C-AEA1-B9D834D22696}.Release|Any CPU.Build.0 = Release|Any CPU
		{D9F3115E-9256-4979-9F4C-C1FE440B9E3D}.Debug|Any CPU.ActiveCfg = Debug|Any CPU
		{D9F3115E-9256-4979-9F4C-C1FE440B9E3D}.Debug|Any CPU.Build.0 = Debug|Any CPU
		{D9F3115E-9256-4979-9F4C-C1FE440B9E3D}.Release|Any CPU.ActiveCfg = Release|Any CPU
		{D9F3115E-9256-4979-9F4C-C1FE440B9E3D}.Release|Any CPU.Build.0 = Release|Any CPU
	EndGlobalSection
	GlobalSection(SolutionProperties) = preSolution
		HideSolutionNode = FALSE
	EndGlobalSection
	GlobalSection(ExtensibilityGlobals) = postSolution
		SolutionGuid = {C104C444-C0D5-400A-AE58-F806602955B8}
	EndGlobalSection
EndGlobal
